
Microsoft Visual Studio Solution File, Format Version 12.00
# Visual Studio Version 16
VisualStudioVersion = 16.0.30907.101
MinimumVisualStudioVersion = 10.0.40219.1
Project("{FAE04EC0-301F-11D3-BF4B-00C04F79EFBC}") = "AppSteleria.UWP", "AppSteleria\AppSteleria.UWP\AppSteleria.UWP.csproj", "{805CB5B1-9755-4AB2-B981-C36FECEF820B}"
EndProject
Project("{FAE04EC0-301F-11D3-BF4B-00C04F79EFBC}") = "AppSteleria.Android", "AppSteleria\AppSteleria.Android\AppSteleria.Android.csproj", "{F94228CA-03B1-4809-B0BC-5AE549019238}"
EndProject
Project("{FAE04EC0-301F-11D3-BF4B-00C04F79EFBC}") = "AppSteleria", "AppSteleria\AppSteleria\AppSteleria.csproj", "{EA3F70D5-3049-4350-948E-6F64A7262F7C}"
EndProject
Global
	GlobalSection(SolutionConfigurationPlatforms) = preSolution
		Debug|Any CPU = Debug|Any CPU
		Debug|ARM = Debug|ARM
		Debug|x64 = Debug|x64
		Debug|x86 = Debug|x86
		Release|Any CPU = Release|Any CPU
		Release|ARM = Release|ARM
		Release|x64 = Release|x64
		Release|x86 = Release|x86
	EndGlobalSection
	GlobalSection(ProjectConfigurationPlatforms) = postSolution
		{805CB5B1-9755-4AB2-B981-C36FECEF820B}.Debug|Any CPU.ActiveCfg = Debug|x86
		{805CB5B1-9755-4AB2-B981-C36FECEF820B}.Debug|Any CPU.Build.0 = Debug|x86
		{805CB5B1-9755-4AB2-B981-C36FECEF820B}.Debug|Any CPU.Deploy.0 = Debug|x86
		{805CB5B1-9755-4AB2-B981-C36FECEF820B}.Debug|ARM.ActiveCfg = Debug|ARM
		{805CB5B1-9755-4AB2-B981-C36FECEF820B}.Debug|ARM.Build.0 = Debug|ARM
		{805CB5B1-9755-4AB2-B981-C36FECEF820B}.Debug|ARM.Deploy.0 = Debug|ARM
		{805CB5B1-9755-4AB2-B981-C36FECEF820B}.Debug|x64.ActiveCfg = Debug|x64
		{805CB5B1-9755-4AB2-B981-C36FECEF820B}.Debug|x64.Build.0 = Debug|x64
		{805CB5B1-9755-4AB2-B981-C36FECEF820B}.Debug|x64.Deploy.0 = Debug|x64
		{805CB5B1-9755-4AB2-B981-C36FECEF820B}.Debug|x86.ActiveCfg = Debug|x86
		{805CB5B1-9755-4AB2-B981-C36FECEF820B}.Debug|x86.Build.0 = Debug|x86
		{805CB5B1-9755-4AB2-B981-C36FECEF820B}.Debug|x86.Deploy.0 = Debug|x86
		{805CB5B1-9755-4AB2-B981-C36FECEF820B}.Release|Any CPU.ActiveCfg = Release|x86
		{805CB5B1-9755-4AB2-B981-C36FECEF820B}.Release|Any CPU.Build.0 = Release|x86
		{805CB5B1-9755-4AB2-B981-C36FECEF820B}.Release|Any CPU.Deploy.0 = Release|x86
		{805CB5B1-9755-4AB2-B981-C36FECEF820B}.Release|ARM.ActiveCfg = Release|ARM
		{805CB5B1-9755-4AB2-B981-C36FECEF820B}.Release|ARM.Build.0 = Release|ARM
		{805CB5B1-9755-4AB2-B981-C36FECEF820B}.Release|ARM.Deploy.0 = Release|ARM
		{805CB5B1-9755-4AB2-B981-C36FECEF820B}.Release|x64.ActiveCfg = Release|x64
		{805CB5B1-9755-4AB2-B981-C36FECEF820B}.Release|x64.Build.0 = Release|x64
		{805CB5B1-9755-4AB2-B981-C36FECEF820B}.Release|x64.Deploy.0 = Release|x64
		{805CB5B1-9755-4AB2-B981-C36FECEF820B}.Release|x86.ActiveCfg = Release|x86
		{805CB5B1-9755-4AB2-B981-C36FECEF820B}.Release|x86.Build.0 = Release|x86
		{805CB5B1-9755-4AB2-B981-C36FECEF820B}.Release|x86.Deploy.0 = Release|x86
		{F94228CA-03B1-4809-B0BC-5AE549019238}.Debug|Any CPU.ActiveCfg = Debug|Any CPU
		{F94228CA-03B1-4809-B0BC-5AE549019238}.Debug|Any CPU.Build.0 = Debug|Any CPU
		{F94228CA-03B1-4809-B0BC-5AE549019238}.Debug|Any CPU.Deploy.0 = Debug|Any CPU
		{F94228CA-03B1-4809-B0BC-5AE549019238}.Debug|ARM.ActiveCfg = Debug|Any CPU
		{F94228CA-03B1-4809-B0BC-5AE549019238}.Debug|ARM.Build.0 = Debug|Any CPU
		{F94228CA-03B1-4809-B0BC-5AE549019238}.Debug|ARM.Deploy.0 = Debug|Any CPU
		{F94228CA-03B1-4809-B0BC-5AE549019238}.Debug|x64.ActiveCfg = Debug|Any CPU
		{F94228CA-03B1-4809-B0BC-5AE549019238}.Debug|x64.Build.0 = Debug|Any CPU
		{F94228CA-03B1-4809-B0BC-5AE549019238}.Debug|x64.Deploy.0 = Debug|Any CPU
		{F94228CA-03B1-4809-B0BC-5AE549019238}.Debug|x86.ActiveCfg = Debug|Any CPU
		{F94228CA-03B1-4809-B0BC-5AE549019238}.Debug|x86.Build.0 = Debug|Any CPU
		{F94228CA-03B1-4809-B0BC-5AE549019238}.Debug|x86.Deploy.0 = Debug|Any CPU
		{F94228CA-03B1-4809-B0BC-5AE549019238}.Release|Any CPU.ActiveCfg = Release|Any CPU
		{F94228CA-03B1-4809-B0BC-5AE549019238}.Release|Any CPU.Build.0 = Release|Any CPU
		{F94228CA-03B1-4809-B0BC-5AE549019238}.Release|Any CPU.Deploy.0 = Release|Any CPU
		{F94228CA-03B1-4809-B0BC-5AE549019238}.Release|ARM.ActiveCfg = Release|Any CPU
		{F94228CA-03B1-4809-B0BC-5AE549019238}.Release|ARM.Build.0 = Release|Any CPU
		{F94228CA-03B1-4809-B0BC-5AE549019238}.Release|ARM.Deploy.0 = Release|Any CPU
		{F94228CA-03B1-4809-B0BC-5AE549019238}.Release|x64.ActiveCfg = Release|Any CPU
		{F94228CA-03B1-4809-B0BC-5AE549019238}.Release|x64.Build.0 = Release|Any CPU
		{F94228CA-03B1-4809-B0BC-5AE549019238}.Release|x64.Deploy.0 = Release|Any CPU
		{F94228CA-03B1-4809-B0BC-5AE549019238}.Release|x86.ActiveCfg = Release|Any CPU
		{F94228CA-03B1-4809-B0BC-5AE549019238}.Release|x86.Build.0 = Release|Any CPU
		{F94228CA-03B1-4809-B0BC-5AE549019238}.Release|x86.Deploy.0 = Release|Any CPU
		{EA3F70D5-3049-4350-948E-6F64A7262F7C}.Debug|Any CPU.ActiveCfg = Debug|Any CPU
		{EA3F70D5-3049-4350-948E-6F64A7262F7C}.Debug|Any CPU.Build.0 = Debug|Any CPU
		{EA3F70D5-3049-4350-948E-6F64A7262F7C}.Debug|Any CPU.Deploy.0 = Debug|Any CPU
		{EA3F70D5-3049-4350-948E-6F64A7262F7C}.Debug|ARM.ActiveCfg = Debug|Any CPU
		{EA3F70D5-3049-4350-948E-6F64A7262F7C}.Debug|ARM.Build.0 = Debug|Any CPU
		{EA3F70D5-3049-4350-948E-6F64A7262F7C}.Debug|ARM.Deploy.0 = Debug|Any CPU
		{EA3F70D5-3049-4350-948E-6F64A7262F7C}.Debug|x64.ActiveCfg = Debug|Any CPU
		{EA3F70D5-3049-4350-948E-6F64A7262F7C}.Debug|x64.Build.0 = Debug|Any CPU
		{EA3F70D5-3049-4350-948E-6F64A7262F7C}.Debug|x64.Deploy.0 = Debug|Any CPU
		{EA3F70D5-3049-4350-948E-6F64A7262F7C}.Debug|x86.ActiveCfg = Debug|Any CPU
		{EA3F70D5-3049-4350-948E-6F64A7262F7C}.Debug|x86.Build.0 = Debug|Any CPU
		{EA3F70D5-3049-4350-948E-6F64A7262F7C}.Debug|x86.Deploy.0 = Debug|Any CPU
		{EA3F70D5-3049-4350-948E-6F64A7262F7C}.Release|Any CPU.ActiveCfg = Release|Any CPU
		{EA3F70D5-3049-4350-948E-6F64A7262F7C}.Release|Any CPU.Build.0 = Release|Any CPU
		{EA3F70D5-3049-4350-948E-6F64A7262F7C}.Release|Any CPU.Deploy.0 = Release|Any CPU
		{EA3F70D5-3049-4350-948E-6F64A7262F7C}.Release|ARM.ActiveCfg = Release|Any CPU
		{EA3F70D5-3049-4350-948E-6F64A7262F7C}.Release|ARM.Build.0 = Release|Any CPU
		{EA3F70D5-3049-4350-948E-6F64A7262F7C}.Release|ARM.Deploy.0 = Release|Any CPU
		{EA3F70D5-3049-4350-948E-6F64A7262F7C}.Release|x64.ActiveCfg = Release|Any CPU
		{EA3F70D5-3049-4350-948E-6F64A7262F7C}.Release|x64.Build.0 = Release|Any CPU
		{EA3F70D5-3049-4350-948E-6F64A7262F7C}.Release|x64.Deploy.0 = Release|Any CPU
		{EA3F70D5-3049-4350-948E-6F64A7262F7C}.Release|x86.ActiveCfg = Release|Any CPU
		{EA3F70D5-3049-4350-948E-6F64A7262F7C}.Release|x86.Build.0 = Release|Any CPU
		{EA3F70D5-3049-4350-948E-6F64A7262F7C}.Release|x86.Deploy.0 = Release|Any CPU
	EndGlobalSection
	GlobalSection(SolutionProperties) = preSolution
		HideSolutionNode = FALSE
	EndGlobalSection
	GlobalSection(ExtensibilityGlobals) = postSolution
		SolutionGuid = {3D3EE7A1-5DB0-4E7D-9E45-E0455661B435}
	EndGlobalSection
EndGlobal
